
Microsoft Visual Studio Solution File, Format Version 12.00
# Visual Studio 15
VisualStudioVersion = 15.0.33403.129
MinimumVisualStudioVersion = 10.0.40219.1
Project("{8BC9CEB8-8B4A-11D0-8D11-00A0C91BC942}") = "ComputerGraphicsMFC2024", "ComputerGraphicsMFC2024\ComputerGraphicsMFC2024.vcxproj", "{4596D9B0-85D5-4F03-BB2F-B823322367EB}"
EndProject
Project("{8BC9CEB8-8B4A-11D0-8D11-00A0C91BC942}") = "Exp2DoubleBuffer", "Exp2DoubleBuffer\Exp2DoubleBuffer.vcxproj", "{30F053E1-AD68-490E-BB58-1BA12306FA30}"
EndProject
Global
	GlobalSection(SolutionConfigurationPlatforms) = preSolution
		Debug|x64 = Debug|x64
		Debug|x86 = Debug|x86
		Release|x64 = Release|x64
		Release|x86 = Release|x86
	EndGlobalSection
	GlobalSection(ProjectConfigurationPlatforms) = postSolution
		{4596D9B0-85D5-4F03-BB2F-B823322367EB}.Debug|x64.ActiveCfg = Debug|x64
		{4596D9B0-85D5-4F03-BB2F-B823322367EB}.Debug|x64.Build.0 = Debug|x64
		{4596D9B0-85D5-4F03-BB2F-B823322367EB}.Debug|x86.ActiveCfg = Debug|Win32
		{4596D9B0-85D5-4F03-BB2F-B823322367EB}.Debug|x86.Build.0 = Debug|Win32
		{4596D9B0-85D5-4F03-BB2F-B823322367EB}.Release|x64.ActiveCfg = Release|x64
		{4596D9B0-85D5-4F03-BB2F-B823322367EB}.Release|x64.Build.0 = Release|x64
		{4596D9B0-85D5-4F03-BB2F-B823322367EB}.Release|x86.ActiveCfg = Release|Win32
		{4596D9B0-85D5-4F03-BB2F-B823322367EB}.Release|x86.Build.0 = Release|Win32
		{30F053E1-AD68-490E-BB58-1BA12306FA30}.Debug|x64.ActiveCfg = Debug|x64
		{30F053E1-AD68-490E-BB58-1BA12306FA30}.Debug|x64.Build.0 = Debug|x64
		{30F053E1-AD68-490E-BB58-1BA12306FA30}.Debug|x86.ActiveCfg = Debug|Win32
		{30F053E1-AD68-490E-BB58-1BA12306FA30}.Debug|x86.Build.0 = Debug|Win32
		{30F053E1-AD68-490E-BB58-1BA12306FA30}.Release|x64.ActiveCfg = Release|x64
		{30F053E1-AD68-490E-BB58-1BA12306FA30}.Release|x64.Build.0 = Release|x64
		{30F053E1-AD68-490E-BB58-1BA12306FA30}.Release|x86.ActiveCfg = Release|Win32
		{30F053E1-AD68-490E-BB58-1BA12306FA30}.Release|x86.Build.0 = Release|Win32
	EndGlobalSection
	GlobalSection(SolutionProperties) = preSolution
		HideSolutionNode = FALSE
	EndGlobalSection
	GlobalSection(ExtensibilityGlobals) = postSolution
		SolutionGuid = {F22D91AB-332D-47F7-A4FD-D3BB0FF6B4DF}
	EndGlobalSection
EndGlobal
